<Solution>
  <Folder Name="/src/">
    <Project Path="src/UnoEdit.Sample/UnoEdit.Sample.csproj" />
    <Project Path="src/UnoEdit/UnoEdit.csproj" />
    <Project Path="external/coretext/LeXtudio.UI.Text.Core/LeXtudio.UI.Text.Core.csproj" />
    <Project Path="src/UnoEdit.TextMate/UnoEdit.TextMate.csproj" />
    <Project Path="src/UnoEdit.Tests/UnoEdit.Tests.csproj" />
  </Folder>
</Solution>
