<Solution>
  <Folder Name="/samples/" />
  <Folder Name="/src/UnoEdit.Sample/">
    <Project Path="src/UnoEdit.Sample/UnoEdit.Skia.Desktop.csproj" />
  </Folder>
  <Folder Name="/src/">
    <Project Path="src/UnoEdit/UnoEdit.csproj" />
  </Folder>
  <Folder Name="/src/UnoEdit.Tests/">
    <Project Path="src/UnoEdit.Tests/UnoEdit.Tests.csproj" />
  </Folder>
</Solution>
