<Solution>
  <Folder Name="/src/">
    <Project Path="src/UnoEdit.Sample/UnoEdit.Sample.csproj" />
    <Project Path="src/UnoEdit/UnoEdit.csproj" />
    <Project Path="src/UnoEdit.TextMate/UnoEdit.TextMate.csproj" />
    <Project Path="src/UnoEdit.WinUI/UnoEdit.WinUI.csproj" />
    <Project Path="src/UnoEdit.WinUI.Sample/UnoEdit.WinUI.Sample.csproj" />
    <Project Path="src/UnoEdit.Tests/UnoEdit.Tests.csproj" />
  </Folder>
</Solution>
